
Microsoft Visual Studio Solution File, Format Version 12.00
# Visual Studio 14
VisualStudioVersion = 14.0.25420.1
MinimumVisualStudioVersion = 10.0.40219.1
Project("{FAE04EC0-301F-11D3-BF4B-00C04F79EFBC}") = "Csharp_Intermediate", "Csharp_Intermediate.csproj", "{ECF6ACDE-1FB3-41A6-B287-80728874A0EA}"
EndProject
Project("{FAE04EC0-301F-11D3-BF4B-00C04F79EFBC}") = "Constructors", "..\Constructors\Constructors.csproj", "{A3C669C3-5D52-487E-924A-F1AB9268B6CD}"
EndProject
Project("{FAE04EC0-301F-11D3-BF4B-00C04F79EFBC}") = "Object Initializers", "..\Object Initializers\Object Initializers.csproj", "{DA9A9A5C-2A81-4001-B656-D65177FD9BEB}"
EndProject
Project("{FAE04EC0-301F-11D3-BF4B-00C04F79EFBC}") = "Methods", "c:\users\hisham\documents\visual studio 2015\Projects\Methods\Methods.csproj", "{8673BCAA-4514-44DF-90D8-8010037897E6}"
EndProject
Project("{FAE04EC0-301F-11D3-BF4B-00C04F79EFBC}") = "Fields", "Fields\Fields.csproj", "{19BDFAF5-7152-422C-8A3B-85DAEE6A0FD5}"
EndProject
Project("{FAE04EC0-301F-11D3-BF4B-00C04F79EFBC}") = "Indexers", "Indexers\Indexers.csproj", "{5326A086-7853-40E7-9FFA-A6DCBAB7372C}"
EndProject
Project("{FAE04EC0-301F-11D3-BF4B-00C04F79EFBC}") = "StopWatch", "StopWatch\StopWatch.csproj", "{A316192D-9D5A-4222-BF0C-6D7B72DFCBB7}"
EndProject
Project("{FAE04EC0-301F-11D3-BF4B-00C04F79EFBC}") = "StackOverFlow", "StackOverFlow\StackOverFlow.csproj", "{671CDAF7-676E-4F7B-8B18-3A54E71F6D43}"
EndProject
Project("{FAE04EC0-301F-11D3-BF4B-00C04F79EFBC}") = "Composition", "Composition\Composition.csproj", "{CCAF82F2-50CD-45E0-9752-C05C14E4670F}"
EndProject
Global
	GlobalSection(SolutionConfigurationPlatforms) = preSolution
		Debug|Any CPU = Debug|Any CPU
		Release|Any CPU = Release|Any CPU
	EndGlobalSection
	GlobalSection(ProjectConfigurationPlatforms) = postSolution
		{ECF6ACDE-1FB3-41A6-B287-80728874A0EA}.Debug|Any CPU.ActiveCfg = Debug|Any CPU
		{ECF6ACDE-1FB3-41A6-B287-80728874A0EA}.Debug|Any CPU.Build.0 = Debug|Any CPU
		{ECF6ACDE-1FB3-41A6-B287-80728874A0EA}.Release|Any CPU.ActiveCfg = Release|Any CPU
		{ECF6ACDE-1FB3-41A6-B287-80728874A0EA}.Release|Any CPU.Build.0 = Release|Any CPU
		{A3C669C3-5D52-487E-924A-F1AB9268B6CD}.Debug|Any CPU.ActiveCfg = Debug|Any CPU
		{A3C669C3-5D52-487E-924A-F1AB9268B6CD}.Debug|Any CPU.Build.0 = Debug|Any CPU
		{A3C669C3-5D52-487E-924A-F1AB9268B6CD}.Release|Any CPU.ActiveCfg = Release|Any CPU
		{A3C669C3-5D52-487E-924A-F1AB9268B6CD}.Release|Any CPU.Build.0 = Release|Any CPU
		{DA9A9A5C-2A81-4001-B656-D65177FD9BEB}.Debug|Any CPU.ActiveCfg = Debug|Any CPU
		{DA9A9A5C-2A81-4001-B656-D65177FD9BEB}.Debug|Any CPU.Build.0 = Debug|Any CPU
		{DA9A9A5C-2A81-4001-B656-D65177FD9BEB}.Release|Any CPU.ActiveCfg = Release|Any CPU
		{DA9A9A5C-2A81-4001-B656-D65177FD9BEB}.Release|Any CPU.Build.0 = Release|Any CPU
		{8673BCAA-4514-44DF-90D8-8010037897E6}.Debug|Any CPU.ActiveCfg = Debug|Any CPU
		{8673BCAA-4514-44DF-90D8-8010037897E6}.Debug|Any CPU.Build.0 = Debug|Any CPU
		{8673BCAA-4514-44DF-90D8-8010037897E6}.Release|Any CPU.ActiveCfg = Release|Any CPU
		{8673BCAA-4514-44DF-90D8-8010037897E6}.Release|Any CPU.Build.0 = Release|Any CPU
		{19BDFAF5-7152-422C-8A3B-85DAEE6A0FD5}.Debug|Any CPU.ActiveCfg = Debug|Any CPU
		{19BDFAF5-7152-422C-8A3B-85DAEE6A0FD5}.Debug|Any CPU.Build.0 = Debug|Any CPU
		{19BDFAF5-7152-422C-8A3B-85DAEE6A0FD5}.Release|Any CPU.ActiveCfg = Release|Any CPU
		{19BDFAF5-7152-422C-8A3B-85DAEE6A0FD5}.Release|Any CPU.Build.0 = Release|Any CPU
		{5326A086-7853-40E7-9FFA-A6DCBAB7372C}.Debug|Any CPU.ActiveCfg = Debug|Any CPU
		{5326A086-7853-40E7-9FFA-A6DCBAB7372C}.Debug|Any CPU.Build.0 = Debug|Any CPU
		{5326A086-7853-40E7-9FFA-A6DCBAB7372C}.Release|Any CPU.ActiveCfg = Release|Any CPU
		{5326A086-7853-40E7-9FFA-A6DCBAB7372C}.Release|Any CPU.Build.0 = Release|Any CPU
		{A316192D-9D5A-4222-BF0C-6D7B72DFCBB7}.Debug|Any CPU.ActiveCfg = Debug|Any CPU
		{A316192D-9D5A-4222-BF0C-6D7B72DFCBB7}.Debug|Any CPU.Build.0 = Debug|Any CPU
		{A316192D-9D5A-4222-BF0C-6D7B72DFCBB7}.Release|Any CPU.ActiveCfg = Release|Any CPU
		{A316192D-9D5A-4222-BF0C-6D7B72DFCBB7}.Release|Any CPU.Build.0 = Release|Any CPU
		{671CDAF7-676E-4F7B-8B18-3A54E71F6D43}.Debug|Any CPU.ActiveCfg = Debug|Any CPU
		{671CDAF7-676E-4F7B-8B18-3A54E71F6D43}.Debug|Any CPU.Build.0 = Debug|Any CPU
		{671CDAF7-676E-4F7B-8B18-3A54E71F6D43}.Release|Any CPU.ActiveCfg = Release|Any CPU
		{671CDAF7-676E-4F7B-8B18-3A54E71F6D43}.Release|Any CPU.Build.0 = Release|Any CPU
		{CCAF82F2-50CD-45E0-9752-C05C14E4670F}.Debug|Any CPU.ActiveCfg = Debug|Any CPU
		{CCAF82F2-50CD-45E0-9752-C05C14E4670F}.Debug|Any CPU.Build.0 = Debug|Any CPU
		{CCAF82F2-50CD-45E0-9752-C05C14E4670F}.Release|Any CPU.ActiveCfg = Release|Any CPU
		{CCAF82F2-50CD-45E0-9752-C05C14E4670F}.Release|Any CPU.Build.0 = Release|Any CPU
	EndGlobalSection
	GlobalSection(SolutionProperties) = preSolution
		HideSolutionNode = FALSE
	EndGlobalSection
	GlobalSection(ExtensibilityGlobals) = postSolution
		SolutionGuid = {96DC466B-29A5-45EF-9FD0-B1C156E217FD}
	EndGlobalSection
EndGlobal
